
Microsoft Visual Studio Solution File, Format Version 12.00
# Visual Studio Version 16
VisualStudioVersion = 16.0.31019.35
MinimumVisualStudioVersion = 10.0.40219.1
Project("{9A19103F-16F7-4668-BE54-9A1E7A4F7556}") = "dajet-agent", "dajet-agent\dajet-agent.csproj", "{0D06B3DF-94B3-41AD-83CF-3E0CA50F8328}"
EndProject
Project("{9A19103F-16F7-4668-BE54-9A1E7A4F7556}") = "dajet-agent-producer", "dajet-agent-producer\dajet-agent-producer.csproj", "{B2C0E5D4-D498-4E43-8F25-92DD0F67CCA8}"
EndProject
Project("{9A19103F-16F7-4668-BE54-9A1E7A4F7556}") = "dajet-agent-consumer", "dajet-agent-consumer\dajet-agent-consumer.csproj", "{B36EDC1B-E887-4DDB-8712-5DBD9B769B41}"
EndProject
Project("{9A19103F-16F7-4668-BE54-9A1E7A4F7556}") = "dajet-utilities", "dajet-utilities\dajet-utilities.csproj", "{12D6B94C-94F0-46E4-A92C-DB4740BAB311}"
EndProject
Project("{9A19103F-16F7-4668-BE54-9A1E7A4F7556}") = "dajet-agent-test", "dajet-agent-test\dajet-agent-test.csproj", "{D1813BC0-EBD4-472E-9F23-08F5582620CD}"
EndProject
Project("{9A19103F-16F7-4668-BE54-9A1E7A4F7556}") = "dajet-agent-cli", "dajet-agent-cli\dajet-agent-cli.csproj", "{753E9C00-509C-48C5-A8E8-50C922D158B9}"
EndProject
Project("{9A19103F-16F7-4668-BE54-9A1E7A4F7556}") = "test-consumers", "test-consumers\test-consumers.csproj", "{F5444CEF-A29E-41F2-A7DB-025F45796B01}"
EndProject
Project("{9A19103F-16F7-4668-BE54-9A1E7A4F7556}") = "message-handler", "message-handler\message-handler.csproj", "{16D2BE4D-D192-411C-9623-255E00D520C7}"
EndProject
Project("{9A19103F-16F7-4668-BE54-9A1E7A4F7556}") = "test-json-serializer", "test-json-serializer\test-json-serializer.csproj", "{A31A8536-3EB6-4D9C-8B4E-CEE3AF3D5F2E}"
EndProject
Project("{9A19103F-16F7-4668-BE54-9A1E7A4F7556}") = "dajet-blazor", "dajet-blazor\dajet-blazor.csproj", "{A68B62C4-3029-49E0-B421-2B95F05C5603}"
EndProject
Project("{FAE04EC0-301F-11D3-BF4B-00C04F79EFBC}") = "dajet-agent-model", "dajet-agent-model\dajet-agent-model.csproj", "{3A5A1B15-40B3-4DD3-A3C9-A21110569922}"
EndProject
Global
	GlobalSection(SolutionConfigurationPlatforms) = preSolution
		Debug|Any CPU = Debug|Any CPU
		Release|Any CPU = Release|Any CPU
	EndGlobalSection
	GlobalSection(ProjectConfigurationPlatforms) = postSolution
		{0D06B3DF-94B3-41AD-83CF-3E0CA50F8328}.Debug|Any CPU.ActiveCfg = Debug|Any CPU
		{0D06B3DF-94B3-41AD-83CF-3E0CA50F8328}.Debug|Any CPU.Build.0 = Debug|Any CPU
		{0D06B3DF-94B3-41AD-83CF-3E0CA50F8328}.Release|Any CPU.ActiveCfg = Release|Any CPU
		{0D06B3DF-94B3-41AD-83CF-3E0CA50F8328}.Release|Any CPU.Build.0 = Release|Any CPU
		{B2C0E5D4-D498-4E43-8F25-92DD0F67CCA8}.Debug|Any CPU.ActiveCfg = Debug|Any CPU
		{B2C0E5D4-D498-4E43-8F25-92DD0F67CCA8}.Debug|Any CPU.Build.0 = Debug|Any CPU
		{B2C0E5D4-D498-4E43-8F25-92DD0F67CCA8}.Release|Any CPU.ActiveCfg = Release|Any CPU
		{B2C0E5D4-D498-4E43-8F25-92DD0F67CCA8}.Release|Any CPU.Build.0 = Release|Any CPU
		{B36EDC1B-E887-4DDB-8712-5DBD9B769B41}.Debug|Any CPU.ActiveCfg = Debug|Any CPU
		{B36EDC1B-E887-4DDB-8712-5DBD9B769B41}.Debug|Any CPU.Build.0 = Debug|Any CPU
		{B36EDC1B-E887-4DDB-8712-5DBD9B769B41}.Release|Any CPU.ActiveCfg = Release|Any CPU
		{B36EDC1B-E887-4DDB-8712-5DBD9B769B41}.Release|Any CPU.Build.0 = Release|Any CPU
		{12D6B94C-94F0-46E4-A92C-DB4740BAB311}.Debug|Any CPU.ActiveCfg = Debug|Any CPU
		{12D6B94C-94F0-46E4-A92C-DB4740BAB311}.Debug|Any CPU.Build.0 = Debug|Any CPU
		{12D6B94C-94F0-46E4-A92C-DB4740BAB311}.Release|Any CPU.ActiveCfg = Release|Any CPU
		{12D6B94C-94F0-46E4-A92C-DB4740BAB311}.Release|Any CPU.Build.0 = Release|Any CPU
		{D1813BC0-EBD4-472E-9F23-08F5582620CD}.Debug|Any CPU.ActiveCfg = Debug|Any CPU
		{D1813BC0-EBD4-472E-9F23-08F5582620CD}.Debug|Any CPU.Build.0 = Debug|Any CPU
		{D1813BC0-EBD4-472E-9F23-08F5582620CD}.Release|Any CPU.ActiveCfg = Release|Any CPU
		{D1813BC0-EBD4-472E-9F23-08F5582620CD}.Release|Any CPU.Build.0 = Release|Any CPU
		{753E9C00-509C-48C5-A8E8-50C922D158B9}.Debug|Any CPU.ActiveCfg = Debug|Any CPU
		{753E9C00-509C-48C5-A8E8-50C922D158B9}.Debug|Any CPU.Build.0 = Debug|Any CPU
		{753E9C00-509C-48C5-A8E8-50C922D158B9}.Release|Any CPU.ActiveCfg = Release|Any CPU
		{753E9C00-509C-48C5-A8E8-50C922D158B9}.Release|Any CPU.Build.0 = Release|Any CPU
		{F5444CEF-A29E-41F2-A7DB-025F45796B01}.Debug|Any CPU.ActiveCfg = Debug|Any CPU
		{F5444CEF-A29E-41F2-A7DB-025F45796B01}.Debug|Any CPU.Build.0 = Debug|Any CPU
		{F5444CEF-A29E-41F2-A7DB-025F45796B01}.Release|Any CPU.ActiveCfg = Release|Any CPU
		{F5444CEF-A29E-41F2-A7DB-025F45796B01}.Release|Any CPU.Build.0 = Release|Any CPU
		{16D2BE4D-D192-411C-9623-255E00D520C7}.Debug|Any CPU.ActiveCfg = Debug|Any CPU
		{16D2BE4D-D192-411C-9623-255E00D520C7}.Debug|Any CPU.Build.0 = Debug|Any CPU
		{16D2BE4D-D192-411C-9623-255E00D520C7}.Release|Any CPU.ActiveCfg = Release|Any CPU
		{16D2BE4D-D192-411C-9623-255E00D520C7}.Release|Any CPU.Build.0 = Release|Any CPU
		{A31A8536-3EB6-4D9C-8B4E-CEE3AF3D5F2E}.Debug|Any CPU.ActiveCfg = Debug|Any CPU
		{A31A8536-3EB6-4D9C-8B4E-CEE3AF3D5F2E}.Debug|Any CPU.Build.0 = Debug|Any CPU
		{A31A8536-3EB6-4D9C-8B4E-CEE3AF3D5F2E}.Release|Any CPU.ActiveCfg = Release|Any CPU
		{A31A8536-3EB6-4D9C-8B4E-CEE3AF3D5F2E}.Release|Any CPU.Build.0 = Release|Any CPU
		{A68B62C4-3029-49E0-B421-2B95F05C5603}.Debug|Any CPU.ActiveCfg = Debug|Any CPU
		{A68B62C4-3029-49E0-B421-2B95F05C5603}.Debug|Any CPU.Build.0 = Debug|Any CPU
		{A68B62C4-3029-49E0-B421-2B95F05C5603}.Release|Any CPU.ActiveCfg = Release|Any CPU
		{A68B62C4-3029-49E0-B421-2B95F05C5603}.Release|Any CPU.Build.0 = Release|Any CPU
		{3A5A1B15-40B3-4DD3-A3C9-A21110569922}.Debug|Any CPU.ActiveCfg = Debug|Any CPU
		{3A5A1B15-40B3-4DD3-A3C9-A21110569922}.Debug|Any CPU.Build.0 = Debug|Any CPU
		{3A5A1B15-40B3-4DD3-A3C9-A21110569922}.Release|Any CPU.ActiveCfg = Release|Any CPU
		{3A5A1B15-40B3-4DD3-A3C9-A21110569922}.Release|Any CPU.Build.0 = Release|Any CPU
	EndGlobalSection
	GlobalSection(SolutionProperties) = preSolution
		HideSolutionNode = FALSE
	EndGlobalSection
	GlobalSection(ExtensibilityGlobals) = postSolution
		SolutionGuid = {7EA55523-94EB-419D-95C8-BE03B0D729FC}
	EndGlobalSection
EndGlobal
