
Microsoft Visual Studio Solution File, Format Version 12.00
# Visual Studio Version 17
VisualStudioVersion = 17.1.32421.90
MinimumVisualStudioVersion = 10.0.40219.1
Project("{9A19103F-16F7-4668-BE54-9A1E7A4F7556}") = "dajet-agent", "dajet-agent\dajet-agent.csproj", "{0D06B3DF-94B3-41AD-83CF-3E0CA50F8328}"
EndProject
Global
	GlobalSection(SolutionConfigurationPlatforms) = preSolution
		Debug|Any CPU = Debug|Any CPU
		Release|Any CPU = Release|Any CPU
	EndGlobalSection
	GlobalSection(ProjectConfigurationPlatforms) = postSolution
		{0D06B3DF-94B3-41AD-83CF-3E0CA50F8328}.Debug|Any CPU.ActiveCfg = Debug|Any CPU
		{0D06B3DF-94B3-41AD-83CF-3E0CA50F8328}.Debug|Any CPU.Build.0 = Debug|Any CPU
		{0D06B3DF-94B3-41AD-83CF-3E0CA50F8328}.Release|Any CPU.ActiveCfg = Release|Any CPU
		{0D06B3DF-94B3-41AD-83CF-3E0CA50F8328}.Release|Any CPU.Build.0 = Release|Any CPU
	EndGlobalSection
	GlobalSection(SolutionProperties) = preSolution
		HideSolutionNode = FALSE
	EndGlobalSection
	GlobalSection(ExtensibilityGlobals) = postSolution
		SolutionGuid = {7EA55523-94EB-419D-95C8-BE03B0D729FC}
	EndGlobalSection
EndGlobal
